
Microsoft Visual Studio Solution File, Format Version 12.00
# Visual Studio Version 17
VisualStudioVersion = 17.6.33712.159
MinimumVisualStudioVersion = 10.0.40219.1
Project("{FAE04EC0-301F-11D3-BF4B-00C04F79EFBC}") = "E7CharactersManager", "E7CharactersManager\E7CharactersManager.csproj", "{E68F7A31-4DCD-4B8E-AF56-B2BC5EEA78F4}"
EndProject
Global
	GlobalSection(SolutionConfigurationPlatforms) = preSolution
		Debug|Any CPU = Debug|Any CPU
		Release|Any CPU = Release|Any CPU
	EndGlobalSection
	GlobalSection(ProjectConfigurationPlatforms) = postSolution
		{E68F7A31-4DCD-4B8E-AF56-B2BC5EEA78F4}.Debug|Any CPU.ActiveCfg = Debug|Any CPU
		{E68F7A31-4DCD-4B8E-AF56-B2BC5EEA78F4}.Debug|Any CPU.Build.0 = Debug|Any CPU
		{E68F7A31-4DCD-4B8E-AF56-B2BC5EEA78F4}.Release|Any CPU.ActiveCfg = Release|Any CPU
		{E68F7A31-4DCD-4B8E-AF56-B2BC5EEA78F4}.Release|Any CPU.Build.0 = Release|Any CPU
	EndGlobalSection
	GlobalSection(SolutionProperties) = preSolution
		HideSolutionNode = FALSE
	EndGlobalSection
	GlobalSection(ExtensibilityGlobals) = postSolution
		SolutionGuid = {DD3B78DA-6D4A-4D57-B317-796B400C2859}
	EndGlobalSection
EndGlobal
